
Microsoft Visual Studio Solution File, Format Version 12.00
# Visual Studio 15
VisualStudioVersion = 15.0.27130.2024
MinimumVisualStudioVersion = 10.0.40219.1
Project("{2150E333-8FDC-42A3-9474-1A3956D46DE8}") = "3-Behavioral Patterns（行为型模式）", "3-Behavioral Patterns（行为型模式）", "{B49A8979-5FD5-4499-A6D2-156906822418}"
EndProject
Project("{2150E333-8FDC-42A3-9474-1A3956D46DE8}") = "14-Command（命令模式）", "14-Command（命令模式）", "{5D9DFCD2-218A-4EFD-94D3-29FDA68594AC}"
EndProject
Project("{2150E333-8FDC-42A3-9474-1A3956D46DE8}") = "22-Template Method（模版方法模式）", "22-Template Method（模版方法模式）", "{1489EFC9-D943-4881-83F6-5B7488ED4E54}"
EndProject
Project("{2150E333-8FDC-42A3-9474-1A3956D46DE8}") = "21-Strategy（策略模式）", "21-Strategy（策略模式）", "{B8870392-EFAF-45D2-9449-BE6B10848CD3}"
EndProject
Project("{2150E333-8FDC-42A3-9474-1A3956D46DE8}") = "2-Structural Patterns（结构型模式）", "2-Structural Patterns（结构型模式）", "{AE464DBB-4281-480C-846C-CFE9F805A2F4}"
EndProject
Project("{2150E333-8FDC-42A3-9474-1A3956D46DE8}") = "10-Facade（外观模式）", "10-Facade（外观模式）", "{23908765-E1CF-4B24-BC7C-28F42867F0FF}"
EndProject
Project("{9A19103F-16F7-4668-BE54-9A1E7A4F7556}") = "FacadePattern", "2-Structural Patterns（结构型模式）\10-Facade（外观模式）\FacadePattern\FacadePattern.csproj", "{E94340C5-D11D-43C2-86B9-787D52371C7A}"
EndProject
Project("{2150E333-8FDC-42A3-9474-1A3956D46DE8}") = "1-Creational Patterns（创建型模式）", "1-Creational Patterns（创建型模式）", "{1BE7D4AB-487F-46A2-BCE6-23F3A16AA5C9}"
EndProject
Project("{2150E333-8FDC-42A3-9474-1A3956D46DE8}") = "05-Singleton（单件模式）", "05-Singleton（单件模式）", "{467F59DF-9D52-4051-AAA4-1F0101F31824}"
EndProject
Project("{9A19103F-16F7-4668-BE54-9A1E7A4F7556}") = "SingletionPattern", "1-Creational Patterns（创建型模式）\05-Singleton（单件模式）\SingletionPattern\SingletionPattern.csproj", "{FC06D178-1EC8-4938-AC71-2105B2CBE078}"
EndProject
Project("{2150E333-8FDC-42A3-9474-1A3956D46DE8}") = "03-Factory Method（工厂模式）", "03-Factory Method（工厂模式）", "{9EF26DF2-5D60-4E57-8946-A6C53D675859}"
EndProject
Project("{9A19103F-16F7-4668-BE54-9A1E7A4F7556}") = "FactoryMethodPattern", "1-Creational Patterns（创建型模式）\03-Factory Method（工厂模式）\FactoryMethodPattern\FactoryMethodPattern.csproj", "{711758C9-5377-4B4A-80FD-8CF65B501674}"
EndProject
Project("{2150E333-8FDC-42A3-9474-1A3956D46DE8}") = "01-Abstract Factory（抽象工厂模式）", "01-Abstract Factory（抽象工厂模式）", "{5BD59C91-098E-4F5D-819D-E73D7EA65011}"
EndProject
Project("{9A19103F-16F7-4668-BE54-9A1E7A4F7556}") = "AbstractFactoryPattern", "1-Creational Patterns（创建型模式）\01-Abstract Factory（抽象工厂模式）\AbstractFactoryPattern\AbstractFactoryPattern.csproj", "{30A43303-B7D6-4E6A-915F-6BFE8226772E}"
EndProject
Project("{9A19103F-16F7-4668-BE54-9A1E7A4F7556}") = "CommandPattern", "3-Behavioral Patterns（行为型模式）\14-Command（命令模式）\CommandPattern\CommandPattern.csproj", "{BBDE45E0-DC2E-491D-9348-6BD4BA79C464}"
EndProject
Project("{9A19103F-16F7-4668-BE54-9A1E7A4F7556}") = "StrategyPattern", "3-Behavioral Patterns（行为型模式）\21-Strategy（策略模式）\StrategyPattern\StrategyPattern.csproj", "{67B34367-8BD0-43A7-B889-0B9D60D3EC30}"
EndProject
Project("{9A19103F-16F7-4668-BE54-9A1E7A4F7556}") = "TemplateMethodPattern", "3-Behavioral Patterns（行为型模式）\22-Template Method（模版方法模式）\TemplateMethodPattern\TemplateMethodPattern.csproj", "{5A587F4C-58EA-4B54-B032-C3C282D6AC48}"
EndProject
Project("{2150E333-8FDC-42A3-9474-1A3956D46DE8}") = "08-Composite（组合模式）", "08-Composite（组合模式）", "{C43F6B7C-92C1-42AD-A7DE-2FDFD00E8418}"
EndProject
Project("{9A19103F-16F7-4668-BE54-9A1E7A4F7556}") = "CompositePattern", "2-Structural Patterns（结构型模式）\08-Composite（组合模式）\CompositePattern\CompositePattern.csproj", "{5E3ECE98-ADDB-433B-9515-831210E69FF3}"
EndProject
Project("{2150E333-8FDC-42A3-9474-1A3956D46DE8}") = "19-Observer（观察者模式）", "19-Observer（观察者模式）", "{DCF91E6F-50A2-470C-9CE7-B43DE6471663}"
EndProject
Project("{9A19103F-16F7-4668-BE54-9A1E7A4F7556}") = "ObserverPattern", "3-Behavioral Patterns（行为型模式）\19-Observer（观察者模式）\ObserverPattern\ObserverPattern.csproj", "{665A34E4-55C3-418C-8A37-95A0BA2D1B8A}"
EndProject
Project("{2150E333-8FDC-42A3-9474-1A3956D46DE8}") = "06-Adapter（适配器模式）", "06-Adapter（适配器模式）", "{83BDD03C-14B0-4C70-9093-9A3E7111C79F}"
EndProject
Project("{FAE04EC0-301F-11D3-BF4B-00C04F79EFBC}") = "AdapterPattern", "2-Structural Patterns（结构型模式）\06-Adapter（适配器模式）\AdapterPattern\AdapterPattern.csproj", "{9C447243-8CE7-4C28-B49E-7E1A9831749D}"
EndProject
Project("{2150E333-8FDC-42A3-9474-1A3956D46DE8}") = "07-Bridge（桥接模式）", "07-Bridge（桥接模式）", "{925D98CB-6C40-4294-A90A-E942D2D2F854}"
EndProject
Project("{FAE04EC0-301F-11D3-BF4B-00C04F79EFBC}") = "BridgePattern", "2-Structural Patterns（结构型模式）\07-Bridge（桥接模式）\BridgePattern\BridgePattern.csproj", "{93A0016C-33E9-47EE-A5CF-B4FCB56AEE7F}"
EndProject
Project("{2150E333-8FDC-42A3-9474-1A3956D46DE8}") = "12-Proxy（代理模式）", "12-Proxy（代理模式）", "{CD1D31B0-339C-45B7-AEB8-0410AA167BDB}"
EndProject
Project("{FAE04EC0-301F-11D3-BF4B-00C04F79EFBC}") = "ProxyPattern", "2-Structural Patterns（结构型模式）\12-Proxy（代理模式）\ProxyPattern\ProxyPattern.csproj", "{256D3C8F-C725-4FC8-A1CB-6940C72637E1}"
EndProject
Project("{2150E333-8FDC-42A3-9474-1A3956D46DE8}") = "20-State（状态模式）", "20-State（状态模式）", "{1B1CC22A-D2A0-4586-B0F7-26AF434DD70D}"
EndProject
Project("{FAE04EC0-301F-11D3-BF4B-00C04F79EFBC}") = "StatePattern", "3-Behavioral Patterns（行为型模式）\20-State（状态模式）\StatePattern\StatePattern.csproj", "{6E04FDD2-CA34-42A1-9CB7-09CD9F3042F7}"
EndProject
Global
	GlobalSection(SolutionConfigurationPlatforms) = preSolution
		Debug|Any CPU = Debug|Any CPU
		Release|Any CPU = Release|Any CPU
	EndGlobalSection
	GlobalSection(ProjectConfigurationPlatforms) = postSolution
		{E94340C5-D11D-43C2-86B9-787D52371C7A}.Debug|Any CPU.ActiveCfg = Debug|Any CPU
		{E94340C5-D11D-43C2-86B9-787D52371C7A}.Debug|Any CPU.Build.0 = Debug|Any CPU
		{E94340C5-D11D-43C2-86B9-787D52371C7A}.Release|Any CPU.ActiveCfg = Release|Any CPU
		{E94340C5-D11D-43C2-86B9-787D52371C7A}.Release|Any CPU.Build.0 = Release|Any CPU
		{FC06D178-1EC8-4938-AC71-2105B2CBE078}.Debug|Any CPU.ActiveCfg = Debug|Any CPU
		{FC06D178-1EC8-4938-AC71-2105B2CBE078}.Debug|Any CPU.Build.0 = Debug|Any CPU
		{FC06D178-1EC8-4938-AC71-2105B2CBE078}.Release|Any CPU.ActiveCfg = Release|Any CPU
		{FC06D178-1EC8-4938-AC71-2105B2CBE078}.Release|Any CPU.Build.0 = Release|Any CPU
		{711758C9-5377-4B4A-80FD-8CF65B501674}.Debug|Any CPU.ActiveCfg = Debug|Any CPU
		{711758C9-5377-4B4A-80FD-8CF65B501674}.Debug|Any CPU.Build.0 = Debug|Any CPU
		{711758C9-5377-4B4A-80FD-8CF65B501674}.Release|Any CPU.ActiveCfg = Release|Any CPU
		{711758C9-5377-4B4A-80FD-8CF65B501674}.Release|Any CPU.Build.0 = Release|Any CPU
		{30A43303-B7D6-4E6A-915F-6BFE8226772E}.Debug|Any CPU.ActiveCfg = Debug|Any CPU
		{30A43303-B7D6-4E6A-915F-6BFE8226772E}.Debug|Any CPU.Build.0 = Debug|Any CPU
		{30A43303-B7D6-4E6A-915F-6BFE8226772E}.Release|Any CPU.ActiveCfg = Release|Any CPU
		{30A43303-B7D6-4E6A-915F-6BFE8226772E}.Release|Any CPU.Build.0 = Release|Any CPU
		{BBDE45E0-DC2E-491D-9348-6BD4BA79C464}.Debug|Any CPU.ActiveCfg = Debug|Any CPU
		{BBDE45E0-DC2E-491D-9348-6BD4BA79C464}.Debug|Any CPU.Build.0 = Debug|Any CPU
		{BBDE45E0-DC2E-491D-9348-6BD4BA79C464}.Release|Any CPU.ActiveCfg = Release|Any CPU
		{BBDE45E0-DC2E-491D-9348-6BD4BA79C464}.Release|Any CPU.Build.0 = Release|Any CPU
		{67B34367-8BD0-43A7-B889-0B9D60D3EC30}.Debug|Any CPU.ActiveCfg = Debug|Any CPU
		{67B34367-8BD0-43A7-B889-0B9D60D3EC30}.Debug|Any CPU.Build.0 = Debug|Any CPU
		{67B34367-8BD0-43A7-B889-0B9D60D3EC30}.Release|Any CPU.ActiveCfg = Release|Any CPU
		{67B34367-8BD0-43A7-B889-0B9D60D3EC30}.Release|Any CPU.Build.0 = Release|Any CPU
		{5A587F4C-58EA-4B54-B032-C3C282D6AC48}.Debug|Any CPU.ActiveCfg = Debug|Any CPU
		{5A587F4C-58EA-4B54-B032-C3C282D6AC48}.Debug|Any CPU.Build.0 = Debug|Any CPU
		{5A587F4C-58EA-4B54-B032-C3C282D6AC48}.Release|Any CPU.ActiveCfg = Release|Any CPU
		{5A587F4C-58EA-4B54-B032-C3C282D6AC48}.Release|Any CPU.Build.0 = Release|Any CPU
		{5E3ECE98-ADDB-433B-9515-831210E69FF3}.Debug|Any CPU.ActiveCfg = Debug|Any CPU
		{5E3ECE98-ADDB-433B-9515-831210E69FF3}.Debug|Any CPU.Build.0 = Debug|Any CPU
		{5E3ECE98-ADDB-433B-9515-831210E69FF3}.Release|Any CPU.ActiveCfg = Release|Any CPU
		{5E3ECE98-ADDB-433B-9515-831210E69FF3}.Release|Any CPU.Build.0 = Release|Any CPU
		{665A34E4-55C3-418C-8A37-95A0BA2D1B8A}.Debug|Any CPU.ActiveCfg = Debug|Any CPU
		{665A34E4-55C3-418C-8A37-95A0BA2D1B8A}.Debug|Any CPU.Build.0 = Debug|Any CPU
		{665A34E4-55C3-418C-8A37-95A0BA2D1B8A}.Release|Any CPU.ActiveCfg = Release|Any CPU
		{665A34E4-55C3-418C-8A37-95A0BA2D1B8A}.Release|Any CPU.Build.0 = Release|Any CPU
		{9C447243-8CE7-4C28-B49E-7E1A9831749D}.Debug|Any CPU.ActiveCfg = Debug|Any CPU
		{9C447243-8CE7-4C28-B49E-7E1A9831749D}.Debug|Any CPU.Build.0 = Debug|Any CPU
		{9C447243-8CE7-4C28-B49E-7E1A9831749D}.Release|Any CPU.ActiveCfg = Release|Any CPU
		{9C447243-8CE7-4C28-B49E-7E1A9831749D}.Release|Any CPU.Build.0 = Release|Any CPU
		{93A0016C-33E9-47EE-A5CF-B4FCB56AEE7F}.Debug|Any CPU.ActiveCfg = Debug|Any CPU
		{93A0016C-33E9-47EE-A5CF-B4FCB56AEE7F}.Debug|Any CPU.Build.0 = Debug|Any CPU
		{93A0016C-33E9-47EE-A5CF-B4FCB56AEE7F}.Release|Any CPU.ActiveCfg = Release|Any CPU
		{93A0016C-33E9-47EE-A5CF-B4FCB56AEE7F}.Release|Any CPU.Build.0 = Release|Any CPU
		{256D3C8F-C725-4FC8-A1CB-6940C72637E1}.Debug|Any CPU.ActiveCfg = Debug|Any CPU
		{256D3C8F-C725-4FC8-A1CB-6940C72637E1}.Debug|Any CPU.Build.0 = Debug|Any CPU
		{256D3C8F-C725-4FC8-A1CB-6940C72637E1}.Release|Any CPU.ActiveCfg = Release|Any CPU
		{256D3C8F-C725-4FC8-A1CB-6940C72637E1}.Release|Any CPU.Build.0 = Release|Any CPU
		{6E04FDD2-CA34-42A1-9CB7-09CD9F3042F7}.Debug|Any CPU.ActiveCfg = Debug|Any CPU
		{6E04FDD2-CA34-42A1-9CB7-09CD9F3042F7}.Debug|Any CPU.Build.0 = Debug|Any CPU
		{6E04FDD2-CA34-42A1-9CB7-09CD9F3042F7}.Release|Any CPU.ActiveCfg = Release|Any CPU
		{6E04FDD2-CA34-42A1-9CB7-09CD9F3042F7}.Release|Any CPU.Build.0 = Release|Any CPU
	EndGlobalSection
	GlobalSection(SolutionProperties) = preSolution
		HideSolutionNode = FALSE
	EndGlobalSection
	GlobalSection(NestedProjects) = preSolution
		{5D9DFCD2-218A-4EFD-94D3-29FDA68594AC} = {B49A8979-5FD5-4499-A6D2-156906822418}
		{1489EFC9-D943-4881-83F6-5B7488ED4E54} = {B49A8979-5FD5-4499-A6D2-156906822418}
		{B8870392-EFAF-45D2-9449-BE6B10848CD3} = {B49A8979-5FD5-4499-A6D2-156906822418}
		{23908765-E1CF-4B24-BC7C-28F42867F0FF} = {AE464DBB-4281-480C-846C-CFE9F805A2F4}
		{E94340C5-D11D-43C2-86B9-787D52371C7A} = {23908765-E1CF-4B24-BC7C-28F42867F0FF}
		{467F59DF-9D52-4051-AAA4-1F0101F31824} = {1BE7D4AB-487F-46A2-BCE6-23F3A16AA5C9}
		{FC06D178-1EC8-4938-AC71-2105B2CBE078} = {467F59DF-9D52-4051-AAA4-1F0101F31824}
		{9EF26DF2-5D60-4E57-8946-A6C53D675859} = {1BE7D4AB-487F-46A2-BCE6-23F3A16AA5C9}
		{711758C9-5377-4B4A-80FD-8CF65B501674} = {9EF26DF2-5D60-4E57-8946-A6C53D675859}
		{5BD59C91-098E-4F5D-819D-E73D7EA65011} = {1BE7D4AB-487F-46A2-BCE6-23F3A16AA5C9}
		{30A43303-B7D6-4E6A-915F-6BFE8226772E} = {5BD59C91-098E-4F5D-819D-E73D7EA65011}
		{BBDE45E0-DC2E-491D-9348-6BD4BA79C464} = {5D9DFCD2-218A-4EFD-94D3-29FDA68594AC}
		{67B34367-8BD0-43A7-B889-0B9D60D3EC30} = {B8870392-EFAF-45D2-9449-BE6B10848CD3}
		{5A587F4C-58EA-4B54-B032-C3C282D6AC48} = {1489EFC9-D943-4881-83F6-5B7488ED4E54}
		{C43F6B7C-92C1-42AD-A7DE-2FDFD00E8418} = {AE464DBB-4281-480C-846C-CFE9F805A2F4}
		{5E3ECE98-ADDB-433B-9515-831210E69FF3} = {C43F6B7C-92C1-42AD-A7DE-2FDFD00E8418}
		{DCF91E6F-50A2-470C-9CE7-B43DE6471663} = {B49A8979-5FD5-4499-A6D2-156906822418}
		{665A34E4-55C3-418C-8A37-95A0BA2D1B8A} = {DCF91E6F-50A2-470C-9CE7-B43DE6471663}
		{83BDD03C-14B0-4C70-9093-9A3E7111C79F} = {AE464DBB-4281-480C-846C-CFE9F805A2F4}
		{9C447243-8CE7-4C28-B49E-7E1A9831749D} = {83BDD03C-14B0-4C70-9093-9A3E7111C79F}
		{925D98CB-6C40-4294-A90A-E942D2D2F854} = {AE464DBB-4281-480C-846C-CFE9F805A2F4}
		{93A0016C-33E9-47EE-A5CF-B4FCB56AEE7F} = {925D98CB-6C40-4294-A90A-E942D2D2F854}
		{CD1D31B0-339C-45B7-AEB8-0410AA167BDB} = {AE464DBB-4281-480C-846C-CFE9F805A2F4}
		{256D3C8F-C725-4FC8-A1CB-6940C72637E1} = {CD1D31B0-339C-45B7-AEB8-0410AA167BDB}
		{1B1CC22A-D2A0-4586-B0F7-26AF434DD70D} = {B49A8979-5FD5-4499-A6D2-156906822418}
		{6E04FDD2-CA34-42A1-9CB7-09CD9F3042F7} = {1B1CC22A-D2A0-4586-B0F7-26AF434DD70D}
	EndGlobalSection
	GlobalSection(ExtensibilityGlobals) = postSolution
		SolutionGuid = {9310BFF6-0A61-417A-83D3-3D576B40E456}
	EndGlobalSection
EndGlobal
